// !$*UTF8*$!
{
	archiveVersion = 1;
	classes = {
	};
	objectVersion = 50;
	objects = {

/* Begin PBXBuildFile section */
		AEDDDB2F600E5D398A3A1FE7 /* Pods_WifiDistanceMeasureApp.framework in Frameworks */ = {isa = PBXBuildFile; fileRef = F80D48BB5E86CEC0ED30787A /* Pods_WifiDistanceMeasureApp.framework */; };
		B030A08522885380005814E8 /* AppDelegate.swift in Sources */ = {isa = PBXBuildFile; fileRef = B030A08422885380005814E8 /* AppDelegate.swift */; };
		B030A08722885380005814E8 /* ViewController.swift in Sources */ = {isa = PBXBuildFile; fileRef = B030A08622885380005814E8 /* ViewController.swift */; };
		B030A08A22885380005814E8 /* Main.storyboard in Resources */ = {isa = PBXBuildFile; fileRef = B030A08822885380005814E8 /* Main.storyboard */; };
		B030A08C22885380005814E8 /* Assets.xcassets in Resources */ = {isa = PBXBuildFile; fileRef = B030A08B22885380005814E8 /* Assets.xcassets */; };
		B030A08F22885380005814E8 /* LaunchScreen.storyboard in Resources */ = {isa = PBXBuildFile; fileRef = B030A08D22885380005814E8 /* LaunchScreen.storyboard */; };
		B030A0992289A8C3005814E8 /* UpdatableLineChartView.swift in Sources */ = {isa = PBXBuildFile; fileRef = B030A0982289A8C3005814E8 /* UpdatableLineChartView.swift */; };
		B0E3B3A5228B7489005774BF /* BluetoothRssiService.swift in Sources */ = {isa = PBXBuildFile; fileRef = B0E3B3A4228B7489005774BF /* BluetoothRssiService.swift */; };
/* End PBXBuildFile section */

/* Begin PBXFileReference section */
		ACB0B69C454743D46D4A88A5 /* Pods-WifiDistanceMeasureApp.release.xcconfig */ = {isa = PBXFileReference; includeInIndex = 1; lastKnownFileType = text.xcconfig; name = "Pods-WifiDistanceMeasureApp.release.xcconfig"; path = "Target Support Files/Pods-WifiDistanceMeasureApp/Pods-WifiDistanceMeasureApp.release.xcconfig"; sourceTree = "<group>"; };
		B030A08122885380005814E8 /* WifiDistanceMeasureApp.app */ = {isa = PBXFileReference; explicitFileType = wrapper.application; includeInIndex = 0; path = WifiDistanceMeasureApp.app; sourceTree = BUILT_PRODUCTS_DIR; };
		B030A08422885380005814E8 /* AppDelegate.swift */ = {isa = PBXFileReference; lastKnownFileType = sourcecode.swift; path = AppDelegate.swift; sourceTree = "<group>"; };
		B030A08622885380005814E8 /* ViewController.swift */ = {isa = PBXFileReference; lastKnownFileType = sourcecode.swift; path = ViewController.swift; sourceTree = "<group>"; };
		B030A08922885380005814E8 /* Base */ = {isa = PBXFileReference; lastKnownFileType = file.storyboard; name = Base; path = Base.lproj/Main.storyboard; sourceTree = "<group>"; };
		B030A08B22885380005814E8 /* Assets.xcassets */ = {isa = PBXFileReference; lastKnownFileType = folder.assetcatalog; path = Assets.xcassets; sourceTree = "<group>"; };
		B030A08E22885380005814E8 /* Base */ = {isa = PBXFileReference; lastKnownFileType = file.storyboard; name = Base; path = Base.lproj/LaunchScreen.storyboard; sourceTree = "<group>"; };
		B030A09022885380005814E8 /* Info.plist */ = {isa = PBXFileReference; lastKnownFileType = text.plist.xml; path = Info.plist; sourceTree = "<group>"; };
		B030A0982289A8C3005814E8 /* UpdatableLineChartView.swift */ = {isa = PBXFileReference; lastKnownFileType = sourcecode.swift; path = UpdatableLineChartView.swift; sourceTree = "<group>"; };
		B0E3B3A4228B7489005774BF /* BluetoothRssiService.swift */ = {isa = PBXFileReference; lastKnownFileType = sourcecode.swift; path = BluetoothRssiService.swift; sourceTree = "<group>"; };
		CBA2B134309375EC3D6A8350 /* Pods-WifiDistanceMeasureApp.debug.xcconfig */ = {isa = PBXFileReference; includeInIndex = 1; lastKnownFileType = text.xcconfig; name = "Pods-WifiDistanceMeasureApp.debug.xcconfig"; path = "Target Support Files/Pods-WifiDistanceMeasureApp/Pods-WifiDistanceMeasureApp.debug.xcconfig"; sourceTree = "<group>"; };
		F80D48BB5E86CEC0ED30787A /* Pods_WifiDistanceMeasureApp.framework */ = {isa = PBXFileReference; explicitFileType = wrapper.framework; includeInIndex = 0; path = Pods_WifiDistanceMeasureApp.framework; sourceTree = BUILT_PRODUCTS_DIR; };
/* End PBXFileReference section */

/* Begin PBXFrameworksBuildPhase section */
		B030A07E22885380005814E8 /* Frameworks */ = {
			isa = PBXFrameworksBuildPhase;
			buildActionMask = 2147483647;
			files = (
				AEDDDB2F600E5D398A3A1FE7 /* Pods_WifiDistanceMeasureApp.framework in Frameworks */,
			);
			runOnlyForDeploymentPostprocessing = 0;
		};
/* End PBXFrameworksBuildPhase section */

/* Begin PBXGroup section */
		9C344241A4B2B04CD27E881E /* Frameworks */ = {
			isa = PBXGroup;
			children = (
				F80D48BB5E86CEC0ED30787A /* Pods_WifiDistanceMeasureApp.framework */,
			);
			name = Frameworks;
			sourceTree = "<group>";
		};
		B030A07822885380005814E8 = {
			isa = PBXGroup;
			children = (
				B030A08322885380005814E8 /* WifiDistanceMeasureApp */,
				B030A08222885380005814E8 /* Products */,
				F6A94687923AA6436B4D36B4 /* Pods */,
				9C344241A4B2B04CD27E881E /* Frameworks */,
			);
			sourceTree = "<group>";
		};
		B030A08222885380005814E8 /* Products */ = {
			isa = PBXGroup;
			children = (
				B030A08122885380005814E8 /* WifiDistanceMeasureApp.app */,
			);
			name = Products;
			sourceTree = "<group>";
		};
		B030A08322885380005814E8 /* WifiDistanceMeasureApp */ = {
			isa = PBXGroup;
			children = (
				B0E3B3A3228B7457005774BF /* Services */,
				B030A0972289A89D005814E8 /* Views */,
				B030A08422885380005814E8 /* AppDelegate.swift */,
				B030A08622885380005814E8 /* ViewController.swift */,
				B030A08822885380005814E8 /* Main.storyboard */,
				B030A08B22885380005814E8 /* Assets.xcassets */,
				B030A08D22885380005814E8 /* LaunchScreen.storyboard */,
				B030A09022885380005814E8 /* Info.plist */,
			);
			path = WifiDistanceMeasureApp;
			sourceTree = "<group>";
		};
		B030A0972289A89D005814E8 /* Views */ = {
			isa = PBXGroup;
			children = (
				B030A0982289A8C3005814E8 /* UpdatableLineChartView.swift */,
			);
			path = Views;
			sourceTree = "<group>";
		};
		B0E3B3A3228B7457005774BF /* Services */ = {
			isa = PBXGroup;
			children = (
				B0E3B3A4228B7489005774BF /* BluetoothRssiService.swift */,
			);
			path = Services;
			sourceTree = "<group>";
		};
		F6A94687923AA6436B4D36B4 /* Pods */ = {
			isa = PBXGroup;
			children = (
				CBA2B134309375EC3D6A8350 /* Pods-WifiDistanceMeasureApp.debug.xcconfig */,
				ACB0B69C454743D46D4A88A5 /* Pods-WifiDistanceMeasureApp.release.xcconfig */,
			);
			path = Pods;
			sourceTree = "<group>";
		};
/* End PBXGroup section */

/* Begin PBXNativeTarget section */
		B030A08022885380005814E8 /* WifiDistanceMeasureApp */ = {
			isa = PBXNativeTarget;
			buildConfigurationList = B030A09322885380005814E8 /* Build configuration list for PBXNativeTarget "WifiDistanceMeasureApp" */;
			buildPhases = (
				AF7DE8854EB70FFF75C4495D /* [CP] Check Pods Manifest.lock */,
				B030A07D22885380005814E8 /* Sources */,
				B030A07E22885380005814E8 /* Frameworks */,
				B030A07F22885380005814E8 /* Resources */,
				996F281CBD6116E377696F1E /* [CP] Embed Pods Frameworks */,
			);
			buildRules = (
			);
			dependencies = (
			);
			name = WifiDistanceMeasureApp;
			productName = WifiDistanceMeasureApp;
			productReference = B030A08122885380005814E8 /* WifiDistanceMeasureApp.app */;
			productType = "com.apple.product-type.application";
		};
/* End PBXNativeTarget section */

/* Begin PBXProject section */
		B030A07922885380005814E8 /* Project object */ = {
			isa = PBXProject;
			attributes = {
				LastSwiftUpdateCheck = 1020;
				LastUpgradeCheck = 1020;
				ORGANIZATIONNAME = "MoWiNG Lab";
				TargetAttributes = {
					B030A08022885380005814E8 = {
						CreatedOnToolsVersion = 10.2.1;
					};
				};
			};
			buildConfigurationList = B030A07C22885380005814E8 /* Build configuration list for PBXProject "WifiDistanceMeasureApp" */;
			compatibilityVersion = "Xcode 9.3";
			developmentRegion = en;
			hasScannedForEncodings = 0;
			knownRegions = (
				en,
				Base,
			);
			mainGroup = B030A07822885380005814E8;
			productRefGroup = B030A08222885380005814E8 /* Products */;
			projectDirPath = "";
			projectRoot = "";
			targets = (
				B030A08022885380005814E8 /* WifiDistanceMeasureApp */,
			);
		};
/* End PBXProject section */

/* Begin PBXResourcesBuildPhase section */
		B030A07F22885380005814E8 /* Resources */ = {
			isa = PBXResourcesBuildPhase;
			buildActionMask = 2147483647;
			files = (
				B030A08F22885380005814E8 /* LaunchScreen.storyboard in Resources */,
				B030A08C22885380005814E8 /* Assets.xcassets in Resources */,
				B030A08A22885380005814E8 /* Main.storyboard in Resources */,
			);
			runOnlyForDeploymentPostprocessing = 0;
		};
/* End PBXResourcesBuildPhase section */

/* Begin PBXShellScriptBuildPhase section */
		996F281CBD6116E377696F1E /* [CP] Embed Pods Frameworks */ = {
			isa = PBXShellScriptBuildPhase;
			buildActionMask = 2147483647;
			files = (
			);
			inputFileListPaths = (
			);
			inputPaths = (
				"${PODS_ROOT}/Target Support Files/Pods-WifiDistanceMeasureApp/Pods-WifiDistanceMeasureApp-frameworks.sh",
				"${BUILT_PRODUCTS_DIR}/Charts/Charts.framework",
				"${BUILT_PRODUCTS_DIR}/CocoaAsyncSocket/CocoaAsyncSocket.framework",
				"${BUILT_PRODUCTS_DIR}/RxBluetoothKit/RxBluetoothKit.framework",
				"${BUILT_PRODUCTS_DIR}/RxSwift/RxSwift.framework",
			);
			name = "[CP] Embed Pods Frameworks";
			outputFileListPaths = (
			);
			outputPaths = (
				"${TARGET_BUILD_DIR}/${FRAMEWORKS_FOLDER_PATH}/Charts.framework",
				"${TARGET_BUILD_DIR}/${FRAMEWORKS_FOLDER_PATH}/CocoaAsyncSocket.framework",
				"${TARGET_BUILD_DIR}/${FRAMEWORKS_FOLDER_PATH}/RxBluetoothKit.framework",
				"${TARGET_BUILD_DIR}/${FRAMEWORKS_FOLDER_PATH}/RxSwift.framework",
			);
			runOnlyForDeploymentPostprocessing = 0;
			shellPath = /bin/sh;
			shellScript = "\"${PODS_ROOT}/Target Support Files/Pods-WifiDistanceMeasureApp/Pods-WifiDistanceMeasureApp-frameworks.sh\"\n";
			showEnvVarsInLog = 0;
		};
		AF7DE8854EB70FFF75C4495D /* [CP] Check Pods Manifest.lock */ = {
			isa = PBXShellScriptBuildPhase;
			buildActionMask = 2147483647;
			files = (
			);
			inputFileListPaths = (
			);
			inputPaths = (
				"${PODS_PODFILE_DIR_PATH}/Podfile.lock",
				"${PODS_ROOT}/Manifest.lock",
			);
			name = "[CP] Check Pods Manifest.lock";
			outputFileListPaths = (
			);
			outputPaths = (
				"$(DERIVED_FILE_DIR)/Pods-WifiDistanceMeasureApp-checkManifestLockResult.txt",
			);
			runOnlyForDeploymentPostprocessing = 0;
			shellPath = /bin/sh;
			shellScript = "diff \"${PODS_PODFILE_DIR_PATH}/Podfile.lock\" \"${PODS_ROOT}/Manifest.lock\" > /dev/null\nif [ $? != 0 ] ; then\n    # print error to STDERR\n    echo \"error: The sandbox is not in sync with the Podfile.lock. Run 'pod install' or update your CocoaPods installation.\" >&2\n    exit 1\nfi\n# This output is used by Xcode 'outputs' to avoid re-running this script phase.\necho \"SUCCESS\" > \"${SCRIPT_OUTPUT_FILE_0}\"\n";
			showEnvVarsInLog = 0;
		};
/* End PBXShellScriptBuildPhase section */

/* Begin PBXSourcesBuildPhase section */
		B030A07D22885380005814E8 /* Sources */ = {
			isa = PBXSourcesBuildPhase;
			buildActionMask = 2147483647;
			files = (
				B030A08722885380005814E8 /* ViewController.swift in Sources */,
				B0E3B3A5228B7489005774BF /* BluetoothRssiService.swift in Sources */,
				B030A08522885380005814E8 /* AppDelegate.swift in Sources */,
				B030A0992289A8C3005814E8 /* UpdatableLineChartView.swift in Sources */,
			);
			runOnlyForDeploymentPostprocessing = 0;
		};
/* End PBXSourcesBuildPhase section */

/* Begin PBXVariantGroup section */
		B030A08822885380005814E8 /* Main.storyboard */ = {
			isa = PBXVariantGroup;
			children = (
				B030A08922885380005814E8 /* Base */,
			);
			name = Main.storyboard;
			sourceTree = "<group>";
		};
		B030A08D22885380005814E8 /* LaunchScreen.storyboard */ = {
			isa = PBXVariantGroup;
			children = (
				B030A08E22885380005814E8 /* Base */,
			);
			name = LaunchScreen.storyboard;
			sourceTree = "<group>";
		};
/* End PBXVariantGroup section */

/* Begin XCBuildConfiguration section */
		B030A09122885380005814E8 /* Debug */ = {
			isa = XCBuildConfiguration;
			buildSettings = {
				ALWAYS_SEARCH_USER_PATHS = NO;
				CLANG_ANALYZER_NONNULL = YES;
				CLANG_ANALYZER_NUMBER_OBJECT_CONVERSION = YES_AGGRESSIVE;
				CLANG_CXX_LANGUAGE_STANDARD = "gnu++14";
				CLANG_CXX_LIBRARY = "libc++";
				CLANG_ENABLE_MODULES = YES;
				CLANG_ENABLE_OBJC_ARC = YES;
				CLANG_ENABLE_OBJC_WEAK = YES;
				CLANG_WARN_BLOCK_CAPTURE_AUTORELEASING = YES;
				CLANG_WARN_BOOL_CONVERSION = YES;
				CLANG_WARN_COMMA = YES;
				CLANG_WARN_CONSTANT_CONVERSION = YES;
				CLANG_WARN_DEPRECATED_OBJC_IMPLEMENTATIONS = YES;
				CLANG_WARN_DIRECT_OBJC_ISA_USAGE = YES_ERROR;
				CLANG_WARN_DOCUMENTATION_COMMENTS = YES;
				CLANG_WARN_EMPTY_BODY = YES;
				CLANG_WARN_ENUM_CONVERSION = YES;
				CLANG_WARN_INFINITE_RECURSION = YES;
				CLANG_WARN_INT_CONVERSION = YES;
				CLANG_WARN_NON_LITERAL_NULL_CONVERSION = YES;
				CLANG_WARN_OBJC_IMPLICIT_RETAIN_SELF = YES;
				CLANG_WARN_OBJC_LITERAL_CONVERSION = YES;
				CLANG_WARN_OBJC_ROOT_CLASS = YES_ERROR;
				CLANG_WARN_RANGE_LOOP_ANALYSIS = YES;
				CLANG_WARN_STRICT_PROTOTYPES = YES;
				CLANG_WARN_SUSPICIOUS_MOVE = YES;
				CLANG_WARN_UNGUARDED_AVAILABILITY = YES_AGGRESSIVE;
				CLANG_WARN_UNREACHABLE_CODE = YES;
				CLANG_WARN__DUPLICATE_METHOD_MATCH = YES;
				CODE_SIGN_IDENTITY = "iPhone Developer";
				COPY_PHASE_STRIP = NO;
				DEBUG_INFORMATION_FORMAT = dwarf;
				ENABLE_STRICT_OBJC_MSGSEND = YES;
				ENABLE_TESTABILITY = YES;
				GCC_C_LANGUAGE_STANDARD = gnu11;
				GCC_DYNAMIC_NO_PIC = NO;
				GCC_NO_COMMON_BLOCKS = YES;
				GCC_OPTIMIZATION_LEVEL = 0;
				GCC_PREPROCESSOR_DEFINITIONS = (
					"DEBUG=1",
					"$(inherited)",
				);
				GCC_WARN_64_TO_32_BIT_CONVERSION = YES;
				GCC_WARN_ABOUT_RETURN_TYPE = YES_ERROR;
				GCC_WARN_UNDECLARED_SELECTOR = YES;
				GCC_WARN_UNINITIALIZED_AUTOS = YES_AGGRESSIVE;
				GCC_WARN_UNUSED_FUNCTION = YES;
				GCC_WARN_UNUSED_VARIABLE = YES;
				IPHONEOS_DEPLOYMENT_TARGET = 12.2;
				MTL_ENABLE_DEBUG_INFO = INCLUDE_SOURCE;
				MTL_FAST_MATH = YES;
				ONLY_ACTIVE_ARCH = YES;
				SDKROOT = iphoneos;
				SWIFT_ACTIVE_COMPILATION_CONDITIONS = DEBUG;
				SWIFT_OPTIMIZATION_LEVEL = "-Onone";
			};
			name = Debug;
		};
		B030A09222885380005814E8 /* Release */ = {
			isa = XCBuildConfiguration;
			buildSettings = {
				ALWAYS_SEARCH_USER_PATHS = NO;
				CLANG_ANALYZER_NONNULL = YES;
				CLANG_ANALYZER_NUMBER_OBJECT_CONVERSION = YES_AGGRESSIVE;
				CLANG_CXX_LANGUAGE_STANDARD = "gnu++14";
				CLANG_CXX_LIBRARY = "libc++";
				CLANG_ENABLE_MODULES = YES;
				CLANG_ENABLE_OBJC_ARC = YES;
				CLANG_ENABLE_OBJC_WEAK = YES;
				CLANG_WARN_BLOCK_CAPTURE_AUTORELEASING = YES;
				CLANG_WARN_BOOL_CONVERSION = YES;
				CLANG_WARN_COMMA = YES;
				CLANG_WARN_CONSTANT_CONVERSION = YES;
				CLANG_WARN_DEPRECATED_OBJC_IMPLEMENTATIONS = YES;
				CLANG_WARN_DIRECT_OBJC_ISA_USAGE = YES_ERROR;
				CLANG_WARN_DOCUMENTATION_COMMENTS = YES;
				CLANG_WARN_EMPTY_BODY = YES;
				CLANG_WARN_ENUM_CONVERSION = YES;
				CLANG_WARN_INFINITE_RECURSION = YES;
				CLANG_WARN_INT_CONVERSION = YES;
				CLANG_WARN_NON_LITERAL_NULL_CONVERSION = YES;
				CLANG_WARN_OBJC_IMPLICIT_RETAIN_SELF = YES;
				CLANG_WARN_OBJC_LITERAL_CONVERSION = YES;
				CLANG_WARN_OBJC_ROOT_CLASS = YES_ERROR;
				CLANG_WARN_RANGE_LOOP_ANALYSIS = YES;
				CLANG_WARN_STRICT_PROTOTYPES = YES;
				CLANG_WARN_SUSPICIOUS_MOVE = YES;
				CLANG_WARN_UNGUARDED_AVAILABILITY = YES_AGGRESSIVE;
				CLANG_WARN_UNREACHABLE_CODE = YES;
				CLANG_WARN__DUPLICATE_METHOD_MATCH = YES;
				CODE_SIGN_IDENTITY = "iPhone Developer";
				COPY_PHASE_STRIP = NO;
				DEBUG_INFORMATION_FORMAT = "dwarf-with-dsym";
				ENABLE_NS_ASSERTIONS = NO;
				ENABLE_STRICT_OBJC_MSGSEND = YES;
				GCC_C_LANGUAGE_STANDARD = gnu11;
				GCC_NO_COMMON_BLOCKS = YES;
				GCC_WARN_64_TO_32_BIT_CONVERSION = YES;
				GCC_WARN_ABOUT_RETURN_TYPE = YES_ERROR;
				GCC_WARN_UNDECLARED_SELECTOR = YES;
				GCC_WARN_UNINITIALIZED_AUTOS = YES_AGGRESSIVE;
				GCC_WARN_UNUSED_FUNCTION = YES;
				GCC_WARN_UNUSED_VARIABLE = YES;
				IPHONEOS_DEPLOYMENT_TARGET = 12.2;
				MTL_ENABLE_DEBUG_INFO = NO;
				MTL_FAST_MATH = YES;
				SDKROOT = iphoneos;
				SWIFT_COMPILATION_MODE = wholemodule;
				SWIFT_OPTIMIZATION_LEVEL = "-O";
				VALIDATE_PRODUCT = YES;
			};
			name = Release;
		};
		B030A09422885380005814E8 /* Debug */ = {
			isa = XCBuildConfiguration;
			baseConfigurationReference = CBA2B134309375EC3D6A8350 /* Pods-WifiDistanceMeasureApp.debug.xcconfig */;
			buildSettings = {
				ASSETCATALOG_COMPILER_APPICON_NAME = AppIcon;
				CODE_SIGN_STYLE = Automatic;
				DEVELOPMENT_TEAM = 7WUSKY23L2;
				INFOPLIST_FILE = WifiDistanceMeasureApp/Info.plist;
				LD_RUNPATH_SEARCH_PATHS = (
					"$(inherited)",
					"@executable_path/Frameworks",
				);
				PRODUCT_BUNDLE_IDENTIFIER = com.stevenHdesigns.WifiDistanceMeasureApp;
				PRODUCT_NAME = "$(TARGET_NAME)";
				SWIFT_VERSION = 5.0;
				TARGETED_DEVICE_FAMILY = "1,2";
			};
			name = Debug;
		};
		B030A09522885380005814E8 /* Release */ = {
			isa = XCBuildConfiguration;
			baseConfigurationReference = ACB0B69C454743D46D4A88A5 /* Pods-WifiDistanceMeasureApp.release.xcconfig */;
			buildSettings = {
				ASSETCATALOG_COMPILER_APPICON_NAME = AppIcon;
				CODE_SIGN_STYLE = Automatic;
				DEVELOPMENT_TEAM = 7WUSKY23L2;
				INFOPLIST_FILE = WifiDistanceMeasureApp/Info.plist;
				LD_RUNPATH_SEARCH_PATHS = (
					"$(inherited)",
					"@executable_path/Frameworks",
				);
				PRODUCT_BUNDLE_IDENTIFIER = com.stevenHdesigns.WifiDistanceMeasureApp;
				PRODUCT_NAME = "$(TARGET_NAME)";
				SWIFT_VERSION = 5.0;
				TARGETED_DEVICE_FAMILY = "1,2";
			};
			name = Release;
		};
/* End XCBuildConfiguration section */

/* Begin XCConfigurationList section */
		B030A07C22885380005814E8 /* Build configuration list for PBXProject "WifiDistanceMeasureApp" */ = {
			isa = XCConfigurationList;
			buildConfigurations = (
				B030A09122885380005814E8 /* Debug */,
				B030A09222885380005814E8 /* Release */,
			);
			defaultConfigurationIsVisible = 0;
			defaultConfigurationName = Release;
		};
		B030A09322885380005814E8 /* Build configuration list for PBXNativeTarget "WifiDistanceMeasureApp" */ = {
			isa = XCConfigurationList;
			buildConfigurations = (
				B030A09422885380005814E8 /* Debug */,
				B030A09522885380005814E8 /* Release */,
			);
			defaultConfigurationIsVisible = 0;
			defaultConfigurationName = Release;
		};
/* End XCConfigurationList section */
	};
	rootObject = B030A07922885380005814E8 /* Project object */;
}
